// !$*UTF8*$!
{
	archiveVersion = 1;
	classes = {
	};
	objectVersion = 46;
	objects = {

/* Begin PBXBuildFile section */
		0D54379C1ABBA763A51F8465 /* Pods_MovingHelperTests.framework in Frameworks */ = {isa = PBXBuildFile; fileRef = 9A07B36832655469EDE48CB2 /* Pods_MovingHelperTests.framework */; };
		32A5C8320649933499617DFB /* Pods_MovingHelper.framework in Frameworks */ = {isa = PBXBuildFile; fileRef = 4AF5454334A91A635363A996 /* Pods_MovingHelper.framework */; };
		4A6C669F20DE5FBD00224071 /* NetworkManager.swift in Sources */ = {isa = PBXBuildFile; fileRef = 4A6C669E20DE5FBD00224071 /* NetworkManager.swift */; };
		9B6F9FF01B27B12100358E9B /* stock_tasks.json in Resources */ = {isa = PBXBuildFile; fileRef = 9B6F9FEF1B27B12100358E9B /* stock_tasks.json */; };
		9B923E041B25190E0095F507 /* AppDelegate.swift in Sources */ = {isa = PBXBuildFile; fileRef = 9B923E031B25190E0095F507 /* AppDelegate.swift */; };
		9B923E0B1B25190E0095F507 /* Main.storyboard in Resources */ = {isa = PBXBuildFile; fileRef = 9B923E091B25190E0095F507 /* Main.storyboard */; };
		9B923E0D1B25190E0095F507 /* Images.xcassets in Resources */ = {isa = PBXBuildFile; fileRef = 9B923E0C1B25190E0095F507 /* Images.xcassets */; };
		9B923E101B25190E0095F507 /* LaunchScreen.xib in Resources */ = {isa = PBXBuildFile; fileRef = 9B923E0E1B25190E0095F507 /* LaunchScreen.xib */; };
		9B923E2C1B2519550095F507 /* MasterViewController.swift in Sources */ = {isa = PBXBuildFile; fileRef = 9B923E291B2519550095F507 /* MasterViewController.swift */; };
		9BBB3E4A1B36231C002AF4EF /* ExtensionTests.swift in Sources */ = {isa = PBXBuildFile; fileRef = 9BBB3E491B36231C002AF4EF /* ExtensionTests.swift */; };
/* End PBXBuildFile section */

/* Begin PBXContainerItemProxy section */
		9B923E161B25190E0095F507 /* PBXContainerItemProxy */ = {
			isa = PBXContainerItemProxy;
			containerPortal = 9B923DF61B25190E0095F507 /* Project object */;
			proxyType = 1;
			remoteGlobalIDString = 9B923DFD1B25190E0095F507;
			remoteInfo = MovingHelper;
		};
/* End PBXContainerItemProxy section */

/* Begin PBXFileReference section */
		03B0A99602A2009B9C8417A8 /* Pods-MovingHelper.release.xcconfig */ = {isa = PBXFileReference; includeInIndex = 1; lastKnownFileType = text.xcconfig; name = "Pods-MovingHelper.release.xcconfig"; path = "Pods/Target Support Files/Pods-MovingHelper/Pods-MovingHelper.release.xcconfig"; sourceTree = "<group>"; };
		4A6C669E20DE5FBD00224071 /* NetworkManager.swift */ = {isa = PBXFileReference; lastKnownFileType = sourcecode.swift; path = NetworkManager.swift; sourceTree = "<group>"; };
		4AF5454334A91A635363A996 /* Pods_MovingHelper.framework */ = {isa = PBXFileReference; explicitFileType = wrapper.framework; includeInIndex = 0; path = Pods_MovingHelper.framework; sourceTree = BUILT_PRODUCTS_DIR; };
		578328A34C43A7B88B4F5A49 /* Pods-MovingHelperTests.debug.xcconfig */ = {isa = PBXFileReference; includeInIndex = 1; lastKnownFileType = text.xcconfig; name = "Pods-MovingHelperTests.debug.xcconfig"; path = "Pods/Target Support Files/Pods-MovingHelperTests/Pods-MovingHelperTests.debug.xcconfig"; sourceTree = "<group>"; };
		9A07B36832655469EDE48CB2 /* Pods_MovingHelperTests.framework */ = {isa = PBXFileReference; explicitFileType = wrapper.framework; includeInIndex = 0; path = Pods_MovingHelperTests.framework; sourceTree = BUILT_PRODUCTS_DIR; };
		9B6F9FEF1B27B12100358E9B /* stock_tasks.json */ = {isa = PBXFileReference; fileEncoding = 4; lastKnownFileType = text.json; path = stock_tasks.json; sourceTree = "<group>"; };
		9B923DFE1B25190E0095F507 /* MovingHelper.app */ = {isa = PBXFileReference; explicitFileType = wrapper.application; includeInIndex = 0; path = MovingHelper.app; sourceTree = BUILT_PRODUCTS_DIR; };
		9B923E021B25190E0095F507 /* Info.plist */ = {isa = PBXFileReference; lastKnownFileType = text.plist.xml; path = Info.plist; sourceTree = "<group>"; };
		9B923E031B25190E0095F507 /* AppDelegate.swift */ = {isa = PBXFileReference; lastKnownFileType = sourcecode.swift; path = AppDelegate.swift; sourceTree = "<group>"; };
		9B923E0A1B25190E0095F507 /* Base */ = {isa = PBXFileReference; lastKnownFileType = file.storyboard; name = Base; path = Base.lproj/Main.storyboard; sourceTree = "<group>"; };
		9B923E0C1B25190E0095F507 /* Images.xcassets */ = {isa = PBXFileReference; lastKnownFileType = folder.assetcatalog; path = Images.xcassets; sourceTree = "<group>"; };
		9B923E0F1B25190E0095F507 /* Base */ = {isa = PBXFileReference; lastKnownFileType = file.xib; name = Base; path = Base.lproj/LaunchScreen.xib; sourceTree = "<group>"; };
		9B923E151B25190E0095F507 /* MovingHelperTests.xctest */ = {isa = PBXFileReference; explicitFileType = wrapper.cfbundle; includeInIndex = 0; path = MovingHelperTests.xctest; sourceTree = BUILT_PRODUCTS_DIR; };
		9B923E1A1B25190E0095F507 /* Info.plist */ = {isa = PBXFileReference; lastKnownFileType = text.plist.xml; path = Info.plist; sourceTree = "<group>"; };
		9B923E291B2519550095F507 /* MasterViewController.swift */ = {isa = PBXFileReference; fileEncoding = 4; lastKnownFileType = sourcecode.swift; path = MasterViewController.swift; sourceTree = "<group>"; };
		9BBB3E491B36231C002AF4EF /* ExtensionTests.swift */ = {isa = PBXFileReference; fileEncoding = 4; lastKnownFileType = sourcecode.swift; path = ExtensionTests.swift; sourceTree = "<group>"; };
		D37A69CCFC7025C427A2ACF5 /* Pods-MovingHelper.debug.xcconfig */ = {isa = PBXFileReference; includeInIndex = 1; lastKnownFileType = text.xcconfig; name = "Pods-MovingHelper.debug.xcconfig"; path = "Pods/Target Support Files/Pods-MovingHelper/Pods-MovingHelper.debug.xcconfig"; sourceTree = "<group>"; };
		F8D6DBC705128F047426211A /* Pods-MovingHelperTests.release.xcconfig */ = {isa = PBXFileReference; includeInIndex = 1; lastKnownFileType = text.xcconfig; name = "Pods-MovingHelperTests.release.xcconfig"; path = "Pods/Target Support Files/Pods-MovingHelperTests/Pods-MovingHelperTests.release.xcconfig"; sourceTree = "<group>"; };
/* End PBXFileReference section */

/* Begin PBXFrameworksBuildPhase section */
		9B923DFB1B25190E0095F507 /* Frameworks */ = {
			isa = PBXFrameworksBuildPhase;
			buildActionMask = 2147483647;
			files = (
				32A5C8320649933499617DFB /* Pods_MovingHelper.framework in Frameworks */,
			);
			runOnlyForDeploymentPostprocessing = 0;
		};
		9B923E121B25190E0095F507 /* Frameworks */ = {
			isa = PBXFrameworksBuildPhase;
			buildActionMask = 2147483647;
			files = (
				0D54379C1ABBA763A51F8465 /* Pods_MovingHelperTests.framework in Frameworks */,
			);
			runOnlyForDeploymentPostprocessing = 0;
		};
/* End PBXFrameworksBuildPhase section */

/* Begin PBXGroup section */
		79625A300E3C517E377126A6 /* Pods */ = {
			isa = PBXGroup;
			children = (
				D37A69CCFC7025C427A2ACF5 /* Pods-MovingHelper.debug.xcconfig */,
				03B0A99602A2009B9C8417A8 /* Pods-MovingHelper.release.xcconfig */,
				578328A34C43A7B88B4F5A49 /* Pods-MovingHelperTests.debug.xcconfig */,
				F8D6DBC705128F047426211A /* Pods-MovingHelperTests.release.xcconfig */,
			);
			name = Pods;
			sourceTree = "<group>";
		};
		938B3E20F227DA9A335B38BC /* Frameworks */ = {
			isa = PBXGroup;
			children = (
				4AF5454334A91A635363A996 /* Pods_MovingHelper.framework */,
				9A07B36832655469EDE48CB2 /* Pods_MovingHelperTests.framework */,
			);
			name = Frameworks;
			sourceTree = "<group>";
		};
		9B923DF51B25190E0095F507 = {
			isa = PBXGroup;
			children = (
				9B923E001B25190E0095F507 /* MovingHelper */,
				9B923E181B25190E0095F507 /* MovingHelperTests */,
				9B923DFF1B25190E0095F507 /* Products */,
				79625A300E3C517E377126A6 /* Pods */,
				938B3E20F227DA9A335B38BC /* Frameworks */,
			);
			sourceTree = "<group>";
		};
		9B923DFF1B25190E0095F507 /* Products */ = {
			isa = PBXGroup;
			children = (
				9B923DFE1B25190E0095F507 /* MovingHelper.app */,
				9B923E151B25190E0095F507 /* MovingHelperTests.xctest */,
			);
			name = Products;
			sourceTree = "<group>";
		};
		9B923E001B25190E0095F507 /* MovingHelper */ = {
			isa = PBXGroup;
			children = (
				9B923E031B25190E0095F507 /* AppDelegate.swift */,
				4A6C669E20DE5FBD00224071 /* NetworkManager.swift */,
				9B923E091B25190E0095F507 /* Main.storyboard */,
				9B923E271B2519550095F507 /* ViewControllers */,
				9B923E0C1B25190E0095F507 /* Images.xcassets */,
				9B923E0E1B25190E0095F507 /* LaunchScreen.xib */,
				9B923E011B25190E0095F507 /* Supporting Files */,
			);
			path = MovingHelper;
			sourceTree = "<group>";
		};
		9B923E011B25190E0095F507 /* Supporting Files */ = {
			isa = PBXGroup;
			children = (
				9B6F9FEF1B27B12100358E9B /* stock_tasks.json */,
				9B923E021B25190E0095F507 /* Info.plist */,
			);
			name = "Supporting Files";
			sourceTree = "<group>";
		};
		9B923E181B25190E0095F507 /* MovingHelperTests */ = {
			isa = PBXGroup;
			children = (
				9BBB3E491B36231C002AF4EF /* ExtensionTests.swift */,
				9B923E191B25190E0095F507 /* Supporting Files */,
			);
			path = MovingHelperTests;
			sourceTree = "<group>";
		};
		9B923E191B25190E0095F507 /* Supporting Files */ = {
			isa = PBXGroup;
			children = (
				9B923E1A1B25190E0095F507 /* Info.plist */,
			);
			name = "Supporting Files";
			sourceTree = "<group>";
		};
		9B923E271B2519550095F507 /* ViewControllers */ = {
			isa = PBXGroup;
			children = (
				9B923E291B2519550095F507 /* MasterViewController.swift */,
			);
			path = ViewControllers;
			sourceTree = "<group>";
		};
/* End PBXGroup section */

/* Begin PBXNativeTarget section */
		9B923DFD1B25190E0095F507 /* MovingHelper */ = {
			isa = PBXNativeTarget;
			buildConfigurationList = 9B923E1F1B25190E0095F507 /* Build configuration list for PBXNativeTarget "MovingHelper" */;
			buildPhases = (
				958DECD76607467E6BD0B818 /* [CP] Check Pods Manifest.lock */,
				9B923DFA1B25190E0095F507 /* Sources */,
				9B923DFB1B25190E0095F507 /* Frameworks */,
				9B923DFC1B25190E0095F507 /* Resources */,
				46B73220C0059D57E55B9B8A /* [CP] Embed Pods Frameworks */,
			);
			buildRules = (
			);
			dependencies = (
			);
			name = MovingHelper;
			productName = MovingHelper;
			productReference = 9B923DFE1B25190E0095F507 /* MovingHelper.app */;
			productType = "com.apple.product-type.application";
		};
		9B923E141B25190E0095F507 /* MovingHelperTests */ = {
			isa = PBXNativeTarget;
			buildConfigurationList = 9B923E221B25190E0095F507 /* Build configuration list for PBXNativeTarget "MovingHelperTests" */;
			buildPhases = (
				20E188CB346230D9ABE91310 /* [CP] Check Pods Manifest.lock */,
				9B923E111B25190E0095F507 /* Sources */,
				9B923E121B25190E0095F507 /* Frameworks */,
				9B923E131B25190E0095F507 /* Resources */,
			);
			buildRules = (
			);
			dependencies = (
				9B923E171B25190E0095F507 /* PBXTargetDependency */,
			);
			name = MovingHelperTests;
			productName = MovingHelperTests;
			productReference = 9B923E151B25190E0095F507 /* MovingHelperTests.xctest */;
			productType = "com.apple.product-type.bundle.unit-test";
		};
/* End PBXNativeTarget section */

/* Begin PBXProject section */
		9B923DF61B25190E0095F507 /* Project object */ = {
			isa = PBXProject;
			attributes = {
				LastUpgradeCheck = 0630;
				ORGANIZATIONNAME = Razeware;
				TargetAttributes = {
					9B923DFD1B25190E0095F507 = {
						CreatedOnToolsVersion = 6.3.2;
						DevelopmentTeam = NFQL267669;
						ProvisioningStyle = Manual;
					};
					9B923E141B25190E0095F507 = {
						CreatedOnToolsVersion = 6.3.2;
						DevelopmentTeam = NFQL267669;
						TestTargetID = 9B923DFD1B25190E0095F507;
					};
				};
			};
			buildConfigurationList = 9B923DF91B25190E0095F507 /* Build configuration list for PBXProject "MovingHelper" */;
			compatibilityVersion = "Xcode 3.2";
			developmentRegion = English;
			hasScannedForEncodings = 0;
			knownRegions = (
				en,
				Base,
			);
			mainGroup = 9B923DF51B25190E0095F507;
			productRefGroup = 9B923DFF1B25190E0095F507 /* Products */;
			projectDirPath = "";
			projectRoot = "";
			targets = (
				9B923DFD1B25190E0095F507 /* MovingHelper */,
				9B923E141B25190E0095F507 /* MovingHelperTests */,
			);
		};
/* End PBXProject section */

/* Begin PBXResourcesBuildPhase section */
		9B923DFC1B25190E0095F507 /* Resources */ = {
			isa = PBXResourcesBuildPhase;
			buildActionMask = 2147483647;
			files = (
				9B923E0B1B25190E0095F507 /* Main.storyboard in Resources */,
				9B6F9FF01B27B12100358E9B /* stock_tasks.json in Resources */,
				9B923E101B25190E0095F507 /* LaunchScreen.xib in Resources */,
				9B923E0D1B25190E0095F507 /* Images.xcassets in Resources */,
			);
			runOnlyForDeploymentPostprocessing = 0;
		};
		9B923E131B25190E0095F507 /* Resources */ = {
			isa = PBXResourcesBuildPhase;
			buildActionMask = 2147483647;
			files = (
			);
			runOnlyForDeploymentPostprocessing = 0;
		};
/* End PBXResourcesBuildPhase section */

/* Begin PBXShellScriptBuildPhase section */
		20E188CB346230D9ABE91310 /* [CP] Check Pods Manifest.lock */ = {
			isa = PBXShellScriptBuildPhase;
			buildActionMask = 2147483647;
			files = (
			);
			inputPaths = (
				"${PODS_PODFILE_DIR_PATH}/Podfile.lock",
				"${PODS_ROOT}/Manifest.lock",
			);
			name = "[CP] Check Pods Manifest.lock";
			outputPaths = (
				"$(DERIVED_FILE_DIR)/Pods-MovingHelperTests-checkManifestLockResult.txt",
			);
			runOnlyForDeploymentPostprocessing = 0;
			shellPath = /bin/sh;
			shellScript = "diff \"${PODS_PODFILE_DIR_PATH}/Podfile.lock\" \"${PODS_ROOT}/Manifest.lock\" > /dev/null\nif [ $? != 0 ] ; then\n    # print error to STDERR\n    echo \"error: The sandbox is not in sync with the Podfile.lock. Run 'pod install' or update your CocoaPods installation.\" >&2\n    exit 1\nfi\n# This output is used by Xcode 'outputs' to avoid re-running this script phase.\necho \"SUCCESS\" > \"${SCRIPT_OUTPUT_FILE_0}\"\n";
			showEnvVarsInLog = 0;
		};
		46B73220C0059D57E55B9B8A /* [CP] Embed Pods Frameworks */ = {
			isa = PBXShellScriptBuildPhase;
			buildActionMask = 2147483647;
			files = (
			);
			inputPaths = (
				"${SRCROOT}/Pods/Target Support Files/Pods-MovingHelper/Pods-MovingHelper-frameworks.sh",
				"${BUILT_PRODUCTS_DIR}/Alamofire/Alamofire.framework",
			);
			name = "[CP] Embed Pods Frameworks";
			outputPaths = (
				"${TARGET_BUILD_DIR}/${FRAMEWORKS_FOLDER_PATH}/Alamofire.framework",
			);
			runOnlyForDeploymentPostprocessing = 0;
			shellPath = /bin/sh;
			shellScript = "\"${SRCROOT}/Pods/Target Support Files/Pods-MovingHelper/Pods-MovingHelper-frameworks.sh\"\n";
			showEnvVarsInLog = 0;
		};
		958DECD76607467E6BD0B818 /* [CP] Check Pods Manifest.lock */ = {
			isa = PBXShellScriptBuildPhase;
			buildActionMask = 2147483647;
			files = (
			);
			inputPaths = (
				"${PODS_PODFILE_DIR_PATH}/Podfile.lock",
				"${PODS_ROOT}/Manifest.lock",
			);
			name = "[CP] Check Pods Manifest.lock";
			outputPaths = (
				"$(DERIVED_FILE_DIR)/Pods-MovingHelper-checkManifestLockResult.txt",
			);
			runOnlyForDeploymentPostprocessing = 0;
			shellPath = /bin/sh;
			shellScript = "diff \"${PODS_PODFILE_DIR_PATH}/Podfile.lock\" \"${PODS_ROOT}/Manifest.lock\" > /dev/null\nif [ $? != 0 ] ; then\n    # print error to STDERR\n    echo \"error: The sandbox is not in sync with the Podfile.lock. Run 'pod install' or update your CocoaPods installation.\" >&2\n    exit 1\nfi\n# This output is used by Xcode 'outputs' to avoid re-running this script phase.\necho \"SUCCESS\" > \"${SCRIPT_OUTPUT_FILE_0}\"\n";
			showEnvVarsInLog = 0;
		};
/* End PBXShellScriptBuildPhase section */

/* Begin PBXSourcesBuildPhase section */
		9B923DFA1B25190E0095F507 /* Sources */ = {
			isa = PBXSourcesBuildPhase;
			buildActionMask = 2147483647;
			files = (
				4A6C669F20DE5FBD00224071 /* NetworkManager.swift in Sources */,
				9B923E041B25190E0095F507 /* AppDelegate.swift in Sources */,
				9B923E2C1B2519550095F507 /* MasterViewController.swift in Sources */,
			);
			runOnlyForDeploymentPostprocessing = 0;
		};
		9B923E111B25190E0095F507 /* Sources */ = {
			isa = PBXSourcesBuildPhase;
			buildActionMask = 2147483647;
			files = (
				9BBB3E4A1B36231C002AF4EF /* ExtensionTests.swift in Sources */,
			);
			runOnlyForDeploymentPostprocessing = 0;
		};
/* End PBXSourcesBuildPhase section */

/* Begin PBXTargetDependency section */
		9B923E171B25190E0095F507 /* PBXTargetDependency */ = {
			isa = PBXTargetDependency;
			target = 9B923DFD1B25190E0095F507 /* MovingHelper */;
			targetProxy = 9B923E161B25190E0095F507 /* PBXContainerItemProxy */;
		};
/* End PBXTargetDependency section */

/* Begin PBXVariantGroup section */
		9B923E091B25190E0095F507 /* Main.storyboard */ = {
			isa = PBXVariantGroup;
			children = (
				9B923E0A1B25190E0095F507 /* Base */,
			);
			name = Main.storyboard;
			sourceTree = "<group>";
		};
		9B923E0E1B25190E0095F507 /* LaunchScreen.xib */ = {
			isa = PBXVariantGroup;
			children = (
				9B923E0F1B25190E0095F507 /* Base */,
			);
			name = LaunchScreen.xib;
			sourceTree = "<group>";
		};
/* End PBXVariantGroup section */

/* Begin XCBuildConfiguration section */
		9B923E1D1B25190E0095F507 /* Debug */ = {
			isa = XCBuildConfiguration;
			buildSettings = {
				ALWAYS_SEARCH_USER_PATHS = NO;
				CLANG_CXX_LANGUAGE_STANDARD = "gnu++0x";
				CLANG_CXX_LIBRARY = "libc++";
				CLANG_ENABLE_MODULES = YES;
				CLANG_ENABLE_OBJC_ARC = YES;
				CLANG_WARN_BOOL_CONVERSION = YES;
				CLANG_WARN_CONSTANT_CONVERSION = YES;
				CLANG_WARN_DIRECT_OBJC_ISA_USAGE = YES_ERROR;
				CLANG_WARN_EMPTY_BODY = YES;
				CLANG_WARN_ENUM_CONVERSION = YES;
				CLANG_WARN_INT_CONVERSION = YES;
				CLANG_WARN_OBJC_ROOT_CLASS = YES_ERROR;
				CLANG_WARN_UNREACHABLE_CODE = YES;
				CLANG_WARN__DUPLICATE_METHOD_MATCH = YES;
				"CODE_SIGN_IDENTITY[sdk=iphoneos*]" = "iPhone Developer";
				COPY_PHASE_STRIP = NO;
				DEBUG_INFORMATION_FORMAT = "dwarf-with-dsym";
				ENABLE_STRICT_OBJC_MSGSEND = YES;
				GCC_C_LANGUAGE_STANDARD = gnu99;
				GCC_DYNAMIC_NO_PIC = NO;
				GCC_NO_COMMON_BLOCKS = YES;
				GCC_OPTIMIZATION_LEVEL = 0;
				GCC_PREPROCESSOR_DEFINITIONS = (
					"DEBUG=1",
					"$(inherited)",
				);
				GCC_SYMBOLS_PRIVATE_EXTERN = NO;
				GCC_WARN_64_TO_32_BIT_CONVERSION = YES;
				GCC_WARN_ABOUT_RETURN_TYPE = YES_ERROR;
				GCC_WARN_UNDECLARED_SELECTOR = YES;
				GCC_WARN_UNINITIALIZED_AUTOS = YES_AGGRESSIVE;
				GCC_WARN_UNUSED_FUNCTION = YES;
				GCC_WARN_UNUSED_VARIABLE = YES;
				IPHONEOS_DEPLOYMENT_TARGET = 9.0;
				MTL_ENABLE_DEBUG_INFO = YES;
				ONLY_ACTIVE_ARCH = YES;
				SDKROOT = iphoneos;
				SWIFT_OPTIMIZATION_LEVEL = "-Onone";
			};
			name = Debug;
		};
		9B923E1E1B25190E0095F507 /* Release */ = {
			isa = XCBuildConfiguration;
			buildSettings = {
				ALWAYS_SEARCH_USER_PATHS = NO;
				CLANG_CXX_LANGUAGE_STANDARD = "gnu++0x";
				CLANG_CXX_LIBRARY = "libc++";
				CLANG_ENABLE_MODULES = YES;
				CLANG_ENABLE_OBJC_ARC = YES;
				CLANG_WARN_BOOL_CONVERSION = YES;
				CLANG_WARN_CONSTANT_CONVERSION = YES;
				CLANG_WARN_DIRECT_OBJC_ISA_USAGE = YES_ERROR;
				CLANG_WARN_EMPTY_BODY = YES;
				CLANG_WARN_ENUM_CONVERSION = YES;
				CLANG_WARN_INT_CONVERSION = YES;
				CLANG_WARN_OBJC_ROOT_CLASS = YES_ERROR;
				CLANG_WARN_UNREACHABLE_CODE = YES;
				CLANG_WARN__DUPLICATE_METHOD_MATCH = YES;
				"CODE_SIGN_IDENTITY[sdk=iphoneos*]" = "iPhone Developer";
				COPY_PHASE_STRIP = NO;
				DEBUG_INFORMATION_FORMAT = "dwarf-with-dsym";
				ENABLE_NS_ASSERTIONS = NO;
				ENABLE_STRICT_OBJC_MSGSEND = YES;
				GCC_C_LANGUAGE_STANDARD = gnu99;
				GCC_NO_COMMON_BLOCKS = YES;
				GCC_WARN_64_TO_32_BIT_CONVERSION = YES;
				GCC_WARN_ABOUT_RETURN_TYPE = YES_ERROR;
				GCC_WARN_UNDECLARED_SELECTOR = YES;
				GCC_WARN_UNINITIALIZED_AUTOS = YES_AGGRESSIVE;
				GCC_WARN_UNUSED_FUNCTION = YES;
				GCC_WARN_UNUSED_VARIABLE = YES;
				IPHONEOS_DEPLOYMENT_TARGET = 9.0;
				MTL_ENABLE_DEBUG_INFO = NO;
				SDKROOT = iphoneos;
				VALIDATE_PRODUCT = YES;
			};
			name = Release;
		};
		9B923E201B25190E0095F507 /* Debug */ = {
			isa = XCBuildConfiguration;
			baseConfigurationReference = D37A69CCFC7025C427A2ACF5 /* Pods-MovingHelper.debug.xcconfig */;
			buildSettings = {
				ASSETCATALOG_COMPILER_APPICON_NAME = AppIcon;
				CODE_SIGN_STYLE = Manual;
				CURRENT_PROJECT_VERSION = 4;
				DEVELOPMENT_TEAM = NFQL267669;
				INFOPLIST_FILE = MovingHelper/Info.plist;
				IPHONEOS_DEPLOYMENT_TARGET = 9.0;
				LD_RUNPATH_SEARCH_PATHS = "$(inherited) @executable_path/Frameworks";
				PRODUCT_BUNDLE_IDENTIFIER = com.walterapps.MovingHelper;
				PRODUCT_NAME = "$(TARGET_NAME)";
				PROVISIONING_PROFILE = "c8407247-1c4f-4898-aa8d-9d0f5730b28c";
				PROVISIONING_PROFILE_SPECIFIER = "MovingHelper Development";
				SWIFT_VERSION = 4.0;
				VERSIONING_SYSTEM = "apple-generic";
			};
			name = Debug;
		};
		9B923E211B25190E0095F507 /* Release */ = {
			isa = XCBuildConfiguration;
			baseConfigurationReference = 03B0A99602A2009B9C8417A8 /* Pods-MovingHelper.release.xcconfig */;
			buildSettings = {
				ASSETCATALOG_COMPILER_APPICON_NAME = AppIcon;
				CODE_SIGN_IDENTITY = "iPhone Distribution";
				CODE_SIGN_STYLE = Manual;
				CURRENT_PROJECT_VERSION = 4;
				DEVELOPMENT_TEAM = NFQL267669;
				INFOPLIST_FILE = MovingHelper/Info.plist;
				IPHONEOS_DEPLOYMENT_TARGET = 9.0;
				LD_RUNPATH_SEARCH_PATHS = "$(inherited) @executable_path/Frameworks";
				PRODUCT_BUNDLE_IDENTIFIER = com.walterapps.MovingHelper;
				PRODUCT_NAME = "$(TARGET_NAME)";
				PROVISIONING_PROFILE = "912d22e4-a4ac-49dd-a5cd-ac2d6878f161";
				PROVISIONING_PROFILE_SPECIFIER = "MovingHelper App Store";
				SWIFT_VERSION = 4.0;
				VERSIONING_SYSTEM = "apple-generic";
			};
			name = Release;
		};
		9B923E231B25190E0095F507 /* Debug */ = {
			isa = XCBuildConfiguration;
			baseConfigurationReference = 578328A34C43A7B88B4F5A49 /* Pods-MovingHelperTests.debug.xcconfig */;
			buildSettings = {
				BUNDLE_LOADER = "$(TEST_HOST)";
				DEVELOPMENT_TEAM = NFQL267669;
				FRAMEWORK_SEARCH_PATHS = (
					"$(SDKROOT)/Developer/Library/Frameworks",
					"$(inherited)",
				);
				GCC_PREPROCESSOR_DEFINITIONS = (
					"DEBUG=1",
					"$(inherited)",
				);
				INFOPLIST_FILE = MovingHelperTests/Info.plist;
				IPHONEOS_DEPLOYMENT_TARGET = 9.0;
				LD_RUNPATH_SEARCH_PATHS = "$(inherited) @executable_path/Frameworks @loader_path/Frameworks";
				PRODUCT_NAME = "$(TARGET_NAME)";
				SWIFT_VERSION = 4.0;
				TEST_HOST = "$(BUILT_PRODUCTS_DIR)/MovingHelper.app/MovingHelper";
			};
			name = Debug;
		};
		9B923E241B25190E0095F507 /* Release */ = {
			isa = XCBuildConfiguration;
			baseConfigurationReference = F8D6DBC705128F047426211A /* Pods-MovingHelperTests.release.xcconfig */;
			buildSettings = {
				BUNDLE_LOADER = "$(TEST_HOST)";
				DEVELOPMENT_TEAM = NFQL267669;
				FRAMEWORK_SEARCH_PATHS = (
					"$(SDKROOT)/Developer/Library/Frameworks",
					"$(inherited)",
				);
				INFOPLIST_FILE = MovingHelperTests/Info.plist;
				IPHONEOS_DEPLOYMENT_TARGET = 9.0;
				LD_RUNPATH_SEARCH_PATHS = "$(inherited) @executable_path/Frameworks @loader_path/Frameworks";
				PRODUCT_NAME = "$(TARGET_NAME)";
				SWIFT_VERSION = 4.0;
				TEST_HOST = "$(BUILT_PRODUCTS_DIR)/MovingHelper.app/MovingHelper";
			};
			name = Release;
		};
/* End XCBuildConfiguration section */

/* Begin XCConfigurationList section */
		9B923DF91B25190E0095F507 /* Build configuration list for PBXProject "MovingHelper" */ = {
			isa = XCConfigurationList;
			buildConfigurations = (
				9B923E1D1B25190E0095F507 /* Debug */,
				9B923E1E1B25190E0095F507 /* Release */,
			);
			defaultConfigurationIsVisible = 0;
			defaultConfigurationName = Release;
		};
		9B923E1F1B25190E0095F507 /* Build configuration list for PBXNativeTarget "MovingHelper" */ = {
			isa = XCConfigurationList;
			buildConfigurations = (
				9B923E201B25190E0095F507 /* Debug */,
				9B923E211B25190E0095F507 /* Release */,
			);
			defaultConfigurationIsVisible = 0;
			defaultConfigurationName = Release;
		};
		9B923E221B25190E0095F507 /* Build configuration list for PBXNativeTarget "MovingHelperTests" */ = {
			isa = XCConfigurationList;
			buildConfigurations = (
				9B923E231B25190E0095F507 /* Debug */,
				9B923E241B25190E0095F507 /* Release */,
			);
			defaultConfigurationIsVisible = 0;
			defaultConfigurationName = Release;
		};
/* End XCConfigurationList section */
	};
	rootObject = 9B923DF61B25190E0095F507 /* Project object */;
}
